
Microsoft Visual Studio Solution File, Format Version 12.00
# Visual Studio 14
VisualStudioVersion = 14.0.23107.0
MinimumVisualStudioVersion = 10.0.40219.1
Project("{FAE04EC0-301F-11D3-BF4B-00C04F79EFBC}") = "qaire1", "qaire1\qaire1.csproj", "{714DC529-A7EB-4578-994D-B622A8DC35BD}"
EndProject
Global
	GlobalSection(SolutionConfigurationPlatforms) = preSolution
		Debug|ARM = Debug|ARM
		Debug|x64 = Debug|x64
		Debug|x86 = Debug|x86
		Release|ARM = Release|ARM
		Release|x64 = Release|x64
		Release|x86 = Release|x86
	EndGlobalSection
	GlobalSection(ProjectConfigurationPlatforms) = postSolution
		{714DC529-A7EB-4578-994D-B622A8DC35BD}.Debug|ARM.ActiveCfg = Debug|ARM
		{714DC529-A7EB-4578-994D-B622A8DC35BD}.Debug|ARM.Build.0 = Debug|ARM
		{714DC529-A7EB-4578-994D-B622A8DC35BD}.Debug|ARM.Deploy.0 = Debug|ARM
		{714DC529-A7EB-4578-994D-B622A8DC35BD}.Debug|x64.ActiveCfg = Debug|x64
		{714DC529-A7EB-4578-994D-B622A8DC35BD}.Debug|x64.Build.0 = Debug|x64
		{714DC529-A7EB-4578-994D-B622A8DC35BD}.Debug|x64.Deploy.0 = Debug|x64
		{714DC529-A7EB-4578-994D-B622A8DC35BD}.Debug|x86.ActiveCfg = Debug|x86
		{714DC529-A7EB-4578-994D-B622A8DC35BD}.Debug|x86.Build.0 = Debug|x86
		{714DC529-A7EB-4578-994D-B622A8DC35BD}.Debug|x86.Deploy.0 = Debug|x86
		{714DC529-A7EB-4578-994D-B622A8DC35BD}.Release|ARM.ActiveCfg = Release|ARM
		{714DC529-A7EB-4578-994D-B622A8DC35BD}.Release|ARM.Build.0 = Release|ARM
		{714DC529-A7EB-4578-994D-B622A8DC35BD}.Release|ARM.Deploy.0 = Release|ARM
		{714DC529-A7EB-4578-994D-B622A8DC35BD}.Release|x64.ActiveCfg = Release|x64
		{714DC529-A7EB-4578-994D-B622A8DC35BD}.Release|x64.Build.0 = Release|x64
		{714DC529-A7EB-4578-994D-B622A8DC35BD}.Release|x64.Deploy.0 = Release|x64
		{714DC529-A7EB-4578-994D-B622A8DC35BD}.Release|x86.ActiveCfg = Release|x86
		{714DC529-A7EB-4578-994D-B622A8DC35BD}.Release|x86.Build.0 = Release|x86
		{714DC529-A7EB-4578-994D-B622A8DC35BD}.Release|x86.Deploy.0 = Release|x86
	EndGlobalSection
	GlobalSection(SolutionProperties) = preSolution
		HideSolutionNode = FALSE
	EndGlobalSection
EndGlobal
